
Microsoft Visual Studio Solution File, Format Version 12.00
# Visual Studio Version 17
VisualStudioVersion = 17.5.002.0
MinimumVisualStudioVersion = 10.0.40219.1
Project("{9A19103F-16F7-4668-BE54-9A1E7A4F7556}") = "ProjetoAPI", "ProjetoAPI.csproj", "{6453FF0B-BFAB-4524-AC93-0A2B9C216BCB}"
EndProject
Global
	GlobalSection(SolutionConfigurationPlatforms) = preSolution
		Debug|Any CPU = Debug|Any CPU
		Release|Any CPU = Release|Any CPU
	EndGlobalSection
	GlobalSection(ProjectConfigurationPlatforms) = postSolution
		{6453FF0B-BFAB-4524-AC93-0A2B9C216BCB}.Debug|Any CPU.ActiveCfg = Debug|Any CPU
		{6453FF0B-BFAB-4524-AC93-0A2B9C216BCB}.Debug|Any CPU.Build.0 = Debug|Any CPU
		{6453FF0B-BFAB-4524-AC93-0A2B9C216BCB}.Release|Any CPU.ActiveCfg = Release|Any CPU
		{6453FF0B-BFAB-4524-AC93-0A2B9C216BCB}.Release|Any CPU.Build.0 = Release|Any CPU
	EndGlobalSection
	GlobalSection(SolutionProperties) = preSolution
		HideSolutionNode = FALSE
	EndGlobalSection
	GlobalSection(ExtensibilityGlobals) = postSolution
		SolutionGuid = {77B7F3E5-FCB2-4ADF-94CF-3B62E87CDA3F}
	EndGlobalSection
EndGlobal
